{
  "version": 4,
  "terraform_version": "0.12.24",
  "serial": 78,
  "lineage": "4c733480-6b21-b884-2bda-a88526d18d19",
  "outputs": {},
  "resources": [
    {
      "mode": "data",
      "type": "aws_internet_gateway",
      "name": "default-gw",
      "provider": "provider.aws",
      "instances": [
        {
          "schema_version": 0,
          "attributes": {
            "attachments": [
              {
                "state": "available",
                "vpc_id": "vpc-07e47e9d90d2076da"
              }
            ],
            "filter": [
              {
                "name": "attachment.vpc-id",
                "values": [
                  "vpc-07e47e9d90d2076da"
                ]
              }
            ],
            "id": "igw-06e7af22039dabe62",
            "internet_gateway_id": "igw-06e7af22039dabe62",
            "owner_id": "135928476890",
            "tags": {}
          }
        }
      ]
    },
    {
      "module": "module.app",
      "mode": "data",
      "type": "template_file",
      "name": "app_init",
      "provider": "provider.template",
      "instances": [
        {
          "schema_version": 0,
          "attributes": {
            "filename": null,
            "id": "04a0cc41926ce49d5d6e31d3dd340d43a890555af2cf457fce9d6a2af63f36e5",
            "rendered": "#!/bin/bash\n\necho \"eng54-zack-terraform is the real name zack\"\ncd /home/ubuntu/app\nnpm install\npm2 start app.js\n",
            "template": "#!/bin/bash\n\necho \"${my_name}\"\ncd /home/ubuntu/app\nnpm install\npm2 start app.js\n",
            "vars": {
              "my_name": "eng54-zack-terraform is the real name zack"
            }
          }
        }
      ]
    },
    {
      "module": "module.app",
      "mode": "managed",
      "type": "aws_instance",
      "name": "app_instance",
      "provider": "provider.aws",
      "instances": [
        {
          "schema_version": 1,
          "attributes": {
            "ami": "ami-0a2758993ae780044",
            "arn": "arn:aws:ec2:eu-west-1:135928476890:instance/i-02ba49f917fdad94f",
            "associate_public_ip_address": true,
            "availability_zone": "eu-west-1a",
            "cpu_core_count": 1,
            "cpu_threads_per_core": 1,
            "credit_specification": [
              {
                "cpu_credits": "standard"
              }
            ],
            "disable_api_termination": false,
            "ebs_block_device": [],
            "ebs_optimized": false,
            "ephemeral_block_device": [],
            "get_password_data": false,
            "hibernation": false,
            "host_id": null,
            "iam_instance_profile": "",
            "id": "i-02ba49f917fdad94f",
            "instance_initiated_shutdown_behavior": null,
            "instance_state": "running",
            "instance_type": "t2.micro",
            "ipv6_address_count": 0,
            "ipv6_addresses": [],
            "key_name": "zack-eng54",
            "metadata_options": [
              {
                "http_endpoint": "enabled",
                "http_put_response_hop_limit": 1,
                "http_tokens": "optional"
              }
            ],
            "monitoring": false,
            "network_interface": [],
            "network_interface_id": null,
            "password_data": "",
            "placement_group": "",
            "primary_network_interface_id": "eni-09f7ce72ffad2d382",
            "private_dns": "ip-172-31-83-149.eu-west-1.compute.internal",
            "private_ip": "172.31.83.149",
            "public_dns": "ec2-52-213-157-12.eu-west-1.compute.amazonaws.com",
            "public_ip": "52.213.157.12",
            "root_block_device": [
              {
                "delete_on_termination": true,
                "device_name": "/dev/sda1",
                "encrypted": false,
                "iops": 100,
                "kms_key_id": "",
                "volume_id": "vol-0d0197bddc1bbb4b4",
                "volume_size": 8,
                "volume_type": "gp2"
              }
            ],
            "security_groups": [
              "zack-app-security-group"
            ],
            "source_dest_check": true,
            "subnet_id": "subnet-097fb7a0867eedff7",
            "tags": {
              "Name": "eng54-zack-terraform"
            },
            "tenancy": "default",
            "timeouts": null,
            "user_data": "823b704bed692385b6d5a1d40f497ac32e89fe8d",
            "user_data_base64": null,
            "volume_tags": {},
            "vpc_security_group_ids": [
              "sg-03f3af55aa9b5a869"
            ]
          },
          "private": "eyJlMmJmYjczMC1lY2FhLTExZTYtOGY4OC0zNDM2M2JjN2M0YzAiOnsiY3JlYXRlIjo2MDAwMDAwMDAwMDAsImRlbGV0ZSI6MTIwMDAwMDAwMDAwMCwidXBkYXRlIjo2MDAwMDAwMDAwMDB9LCJzY2hlbWFfdmVyc2lvbiI6IjEifQ==",
          "dependencies": [
            "module.app.aws_security_group.app_sg",
            "module.app.aws_subnet.app_subnet"
          ]
        }
      ]
    },
    {
      "module": "module.app",
      "mode": "managed",
      "type": "aws_route_table",
      "name": "public",
      "provider": "provider.aws",
      "instances": [
        {
          "schema_version": 0,
          "attributes": {
            "id": "rtb-0adae1697348c41ae",
            "owner_id": "135928476890",
            "propagating_vgws": [],
            "route": [
              {
                "cidr_block": "0.0.0.0/0",
                "egress_only_gateway_id": "",
                "gateway_id": "igw-06e7af22039dabe62",
                "instance_id": "",
                "ipv6_cidr_block": "",
                "nat_gateway_id": "",
                "network_interface_id": "",
                "transit_gateway_id": "",
                "vpc_peering_connection_id": ""
              }
            ],
            "tags": {
              "Name": "eng54-zack-terraform-public-table"
            },
            "vpc_id": "vpc-07e47e9d90d2076da"
          },
          "private": "bnVsbA=="
        }
      ]
    },
    {
      "module": "module.app",
      "mode": "managed",
      "type": "aws_route_table_association",
      "name": "assoc",
      "provider": "provider.aws",
      "instances": [
        {
          "schema_version": 0,
          "attributes": {
            "gateway_id": null,
            "id": "rtbassoc-07be7a43be9f4679b",
            "route_table_id": "rtb-0adae1697348c41ae",
            "subnet_id": "subnet-097fb7a0867eedff7"
          },
          "private": "bnVsbA==",
          "dependencies": [
            "module.app.aws_route_table.public",
            "module.app.aws_subnet.app_subnet"
          ]
        }
      ]
    },
    {
      "module": "module.app",
      "mode": "managed",
      "type": "aws_security_group",
      "name": "app_sg",
      "provider": "provider.aws",
      "instances": [
        {
          "schema_version": 1,
          "attributes": {
            "arn": "arn:aws:ec2:eu-west-1:135928476890:security-group/sg-03f3af55aa9b5a869",
            "description": "Allow 80 inbound traffic",
            "egress": [
              {
                "cidr_blocks": [
                  "0.0.0.0/0"
                ],
                "description": "",
                "from_port": 0,
                "ipv6_cidr_blocks": [],
                "prefix_list_ids": [],
                "protocol": "-1",
                "security_groups": [],
                "self": false,
                "to_port": 0
              }
            ],
            "id": "sg-03f3af55aa9b5a869",
            "ingress": [
              {
                "cidr_blocks": [
                  "0.0.0.0/0"
                ],
                "description": "allows port 80",
                "from_port": 80,
                "ipv6_cidr_blocks": [],
                "prefix_list_ids": [],
                "protocol": "tcp",
                "security_groups": [],
                "self": false,
                "to_port": 80
              },
              {
                "cidr_blocks": [
                  "90.252.32.133/32"
                ],
                "description": "allows port 22",
                "from_port": 22,
                "ipv6_cidr_blocks": [],
                "prefix_list_ids": [],
                "protocol": "tcp",
                "security_groups": [],
                "self": false,
                "to_port": 22
              },
              {
                "cidr_blocks": [
                  "90.252.32.133/32"
                ],
                "description": "allows port 3000",
                "from_port": 3000,
                "ipv6_cidr_blocks": [],
                "prefix_list_ids": [],
                "protocol": "tcp",
                "security_groups": [],
                "self": false,
                "to_port": 3000
              }
            ],
            "name": "zack-app-security-group",
            "name_prefix": null,
            "owner_id": "135928476890",
            "revoke_rules_on_delete": false,
            "tags": {
              "Name": "eng54-zack-terraform-tags"
            },
            "timeouts": null,
            "vpc_id": "vpc-07e47e9d90d2076da"
          },
          "private": "eyJlMmJmYjczMC1lY2FhLTExZTYtOGY4OC0zNDM2M2JjN2M0YzAiOnsiY3JlYXRlIjo2MDAwMDAwMDAwMDAsImRlbGV0ZSI6NjAwMDAwMDAwMDAwfSwic2NoZW1hX3ZlcnNpb24iOiIxIn0="
        }
      ]
    },
    {
      "module": "module.app",
      "mode": "managed",
      "type": "aws_subnet",
      "name": "app_subnet",
      "provider": "provider.aws",
      "instances": [
        {
          "schema_version": 1,
          "attributes": {
            "arn": "arn:aws:ec2:eu-west-1:135928476890:subnet/subnet-097fb7a0867eedff7",
            "assign_ipv6_address_on_creation": false,
            "availability_zone": "eu-west-1a",
            "availability_zone_id": "euw1-az3",
            "cidr_block": "172.31.83.0/24",
            "id": "subnet-097fb7a0867eedff7",
            "ipv6_cidr_block": "",
            "ipv6_cidr_block_association_id": "",
            "map_public_ip_on_launch": false,
            "owner_id": "135928476890",
            "tags": {
              "Name": "eng54-zack-terraform"
            },
            "timeouts": null,
            "vpc_id": "vpc-07e47e9d90d2076da"
          },
          "private": "eyJlMmJmYjczMC1lY2FhLTExZTYtOGY4OC0zNDM2M2JjN2M0YzAiOnsiY3JlYXRlIjo2MDAwMDAwMDAwMDAsImRlbGV0ZSI6MTIwMDAwMDAwMDAwMH0sInNjaGVtYV92ZXJzaW9uIjoiMSJ9"
        }
      ]
    }
  ]
}
